
Microsoft Visual Studio Solution File, Format Version 12.00
# Visual Studio Version 16
VisualStudioVersion = 16.0.29709.97
MinimumVisualStudioVersion = 10.0.40219.1
Project("{FAE04EC0-301F-11D3-BF4B-00C04F79EFBC}") = "BirthdayAPI", "BirthdayAPI.csproj", "{6415A2B6-374C-4C68-9CD0-21397AA65FDA}"
EndProject
Global
	GlobalSection(SolutionConfigurationPlatforms) = preSolution
		Debug|Any CPU = Debug|Any CPU
		Release|Any CPU = Release|Any CPU
	EndGlobalSection
	GlobalSection(ProjectConfigurationPlatforms) = postSolution
		{6415A2B6-374C-4C68-9CD0-21397AA65FDA}.Debug|Any CPU.ActiveCfg = Debug|Any CPU
		{6415A2B6-374C-4C68-9CD0-21397AA65FDA}.Debug|Any CPU.Build.0 = Debug|Any CPU
		{6415A2B6-374C-4C68-9CD0-21397AA65FDA}.Release|Any CPU.ActiveCfg = Release|Any CPU
		{6415A2B6-374C-4C68-9CD0-21397AA65FDA}.Release|Any CPU.Build.0 = Release|Any CPU
	EndGlobalSection
	GlobalSection(SolutionProperties) = preSolution
		HideSolutionNode = FALSE
	EndGlobalSection
	GlobalSection(ExtensibilityGlobals) = postSolution
		SolutionGuid = {FA330794-89AB-42ED-B70C-D04970E07CEC}
	EndGlobalSection
EndGlobal
